
Microsoft Visual Studio Solution File, Format Version 12.00
# Visual Studio Version 17
VisualStudioVersion = 17.8.34525.116
MinimumVisualStudioVersion = 10.0.40219.1
Project("{FAE04EC0-301F-11D3-BF4B-00C04F79EFBC}") = "CustomComboBox", "CustomComboBox\CustomComboBox.csproj", "{16F21FCB-3FFE-433B-977C-A56052C0D779}"
EndProject
Global
	GlobalSection(SolutionConfigurationPlatforms) = preSolution
		Debug|ARM64 = Debug|ARM64
		Debug|x64 = Debug|x64
		Debug|x86 = Debug|x86
		Release|ARM64 = Release|ARM64
		Release|x64 = Release|x64
		Release|x86 = Release|x86
	EndGlobalSection
	GlobalSection(ProjectConfigurationPlatforms) = postSolution
		{16F21FCB-3FFE-433B-977C-A56052C0D779}.Debug|ARM64.ActiveCfg = Debug|ARM64
		{16F21FCB-3FFE-433B-977C-A56052C0D779}.Debug|ARM64.Build.0 = Debug|ARM64
		{16F21FCB-3FFE-433B-977C-A56052C0D779}.Debug|ARM64.Deploy.0 = Debug|ARM64
		{16F21FCB-3FFE-433B-977C-A56052C0D779}.Debug|x64.ActiveCfg = Debug|x64
		{16F21FCB-3FFE-433B-977C-A56052C0D779}.Debug|x64.Build.0 = Debug|x64
		{16F21FCB-3FFE-433B-977C-A56052C0D779}.Debug|x64.Deploy.0 = Debug|x64
		{16F21FCB-3FFE-433B-977C-A56052C0D779}.Debug|x86.ActiveCfg = Debug|x86
		{16F21FCB-3FFE-433B-977C-A56052C0D779}.Debug|x86.Build.0 = Debug|x86
		{16F21FCB-3FFE-433B-977C-A56052C0D779}.Debug|x86.Deploy.0 = Debug|x86
		{16F21FCB-3FFE-433B-977C-A56052C0D779}.Release|ARM64.ActiveCfg = Release|ARM64
		{16F21FCB-3FFE-433B-977C-A56052C0D779}.Release|ARM64.Build.0 = Release|ARM64
		{16F21FCB-3FFE-433B-977C-A56052C0D779}.Release|ARM64.Deploy.0 = Release|ARM64
		{16F21FCB-3FFE-433B-977C-A56052C0D779}.Release|x64.ActiveCfg = Release|x64
		{16F21FCB-3FFE-433B-977C-A56052C0D779}.Release|x64.Build.0 = Release|x64
		{16F21FCB-3FFE-433B-977C-A56052C0D779}.Release|x64.Deploy.0 = Release|x64
		{16F21FCB-3FFE-433B-977C-A56052C0D779}.Release|x86.ActiveCfg = Release|x86
		{16F21FCB-3FFE-433B-977C-A56052C0D779}.Release|x86.Build.0 = Release|x86
		{16F21FCB-3FFE-433B-977C-A56052C0D779}.Release|x86.Deploy.0 = Release|x86
	EndGlobalSection
	GlobalSection(SolutionProperties) = preSolution
		HideSolutionNode = FALSE
	EndGlobalSection
	GlobalSection(ExtensibilityGlobals) = postSolution
		SolutionGuid = {C3FA557A-40B6-41B1-AE45-236090D4434E}
	EndGlobalSection
EndGlobal
