
Microsoft Visual Studio Solution File, Format Version 12.00
# Visual Studio Version 17
VisualStudioVersion = 17.3.32929.385
MinimumVisualStudioVersion = 10.0.40219.1
Project("{FAE04EC0-301F-11D3-BF4B-00C04F79EFBC}") = "DealOrNot", "DealOrNot\DealOrNot.csproj", "{5D832163-D606-4750-900D-63F2E9014E2C}"
EndProject
Global
	GlobalSection(SolutionConfigurationPlatforms) = preSolution
		Debug|arm64 = Debug|arm64
		Debug|x64 = Debug|x64
		Debug|x86 = Debug|x86
		Release|arm64 = Release|arm64
		Release|x64 = Release|x64
		Release|x86 = Release|x86
	EndGlobalSection
	GlobalSection(ProjectConfigurationPlatforms) = postSolution
		{5D832163-D606-4750-900D-63F2E9014E2C}.Debug|arm64.ActiveCfg = Debug|arm64
		{5D832163-D606-4750-900D-63F2E9014E2C}.Debug|arm64.Build.0 = Debug|arm64
		{5D832163-D606-4750-900D-63F2E9014E2C}.Debug|arm64.Deploy.0 = Debug|arm64
		{5D832163-D606-4750-900D-63F2E9014E2C}.Debug|x64.ActiveCfg = Debug|x64
		{5D832163-D606-4750-900D-63F2E9014E2C}.Debug|x64.Build.0 = Debug|x64
		{5D832163-D606-4750-900D-63F2E9014E2C}.Debug|x64.Deploy.0 = Debug|x64
		{5D832163-D606-4750-900D-63F2E9014E2C}.Debug|x86.ActiveCfg = Debug|x86
		{5D832163-D606-4750-900D-63F2E9014E2C}.Debug|x86.Build.0 = Debug|x86
		{5D832163-D606-4750-900D-63F2E9014E2C}.Debug|x86.Deploy.0 = Debug|x86
		{5D832163-D606-4750-900D-63F2E9014E2C}.Release|arm64.ActiveCfg = Release|arm64
		{5D832163-D606-4750-900D-63F2E9014E2C}.Release|arm64.Build.0 = Release|arm64
		{5D832163-D606-4750-900D-63F2E9014E2C}.Release|arm64.Deploy.0 = Release|arm64
		{5D832163-D606-4750-900D-63F2E9014E2C}.Release|x64.ActiveCfg = Release|x64
		{5D832163-D606-4750-900D-63F2E9014E2C}.Release|x64.Build.0 = Release|x64
		{5D832163-D606-4750-900D-63F2E9014E2C}.Release|x64.Deploy.0 = Release|x64
		{5D832163-D606-4750-900D-63F2E9014E2C}.Release|x86.ActiveCfg = Release|x86
		{5D832163-D606-4750-900D-63F2E9014E2C}.Release|x86.Build.0 = Release|x86
		{5D832163-D606-4750-900D-63F2E9014E2C}.Release|x86.Deploy.0 = Release|x86
	EndGlobalSection
	GlobalSection(SolutionProperties) = preSolution
		HideSolutionNode = FALSE
	EndGlobalSection
	GlobalSection(ExtensibilityGlobals) = postSolution
		SolutionGuid = {C70FD6A5-3549-446D-A6E9-53923201C325}
	EndGlobalSection
EndGlobal
