
Microsoft Visual Studio Solution File, Format Version 12.00
# Visual Studio Version 17
VisualStudioVersion = 17.8.34525.116
MinimumVisualStudioVersion = 10.0.40219.1
Project("{FAE04EC0-301F-11D3-BF4B-00C04F79EFBC}") = "RadialLayout", "RadialLayout\RadialLayout.csproj", "{2D926792-B50A-428A-8F78-96A418D7B113}"
EndProject
Global
	GlobalSection(SolutionConfigurationPlatforms) = preSolution
		Debug|ARM64 = Debug|ARM64
		Debug|x64 = Debug|x64
		Debug|x86 = Debug|x86
		Release|ARM64 = Release|ARM64
		Release|x64 = Release|x64
		Release|x86 = Release|x86
	EndGlobalSection
	GlobalSection(ProjectConfigurationPlatforms) = postSolution
		{2D926792-B50A-428A-8F78-96A418D7B113}.Debug|ARM64.ActiveCfg = Debug|ARM64
		{2D926792-B50A-428A-8F78-96A418D7B113}.Debug|ARM64.Build.0 = Debug|ARM64
		{2D926792-B50A-428A-8F78-96A418D7B113}.Debug|ARM64.Deploy.0 = Debug|ARM64
		{2D926792-B50A-428A-8F78-96A418D7B113}.Debug|x64.ActiveCfg = Debug|x64
		{2D926792-B50A-428A-8F78-96A418D7B113}.Debug|x64.Build.0 = Debug|x64
		{2D926792-B50A-428A-8F78-96A418D7B113}.Debug|x64.Deploy.0 = Debug|x64
		{2D926792-B50A-428A-8F78-96A418D7B113}.Debug|x86.ActiveCfg = Debug|x86
		{2D926792-B50A-428A-8F78-96A418D7B113}.Debug|x86.Build.0 = Debug|x86
		{2D926792-B50A-428A-8F78-96A418D7B113}.Debug|x86.Deploy.0 = Debug|x86
		{2D926792-B50A-428A-8F78-96A418D7B113}.Release|ARM64.ActiveCfg = Release|ARM64
		{2D926792-B50A-428A-8F78-96A418D7B113}.Release|ARM64.Build.0 = Release|ARM64
		{2D926792-B50A-428A-8F78-96A418D7B113}.Release|ARM64.Deploy.0 = Release|ARM64
		{2D926792-B50A-428A-8F78-96A418D7B113}.Release|x64.ActiveCfg = Release|x64
		{2D926792-B50A-428A-8F78-96A418D7B113}.Release|x64.Build.0 = Release|x64
		{2D926792-B50A-428A-8F78-96A418D7B113}.Release|x64.Deploy.0 = Release|x64
		{2D926792-B50A-428A-8F78-96A418D7B113}.Release|x86.ActiveCfg = Release|x86
		{2D926792-B50A-428A-8F78-96A418D7B113}.Release|x86.Build.0 = Release|x86
		{2D926792-B50A-428A-8F78-96A418D7B113}.Release|x86.Deploy.0 = Release|x86
	EndGlobalSection
	GlobalSection(SolutionProperties) = preSolution
		HideSolutionNode = FALSE
	EndGlobalSection
	GlobalSection(ExtensibilityGlobals) = postSolution
		SolutionGuid = {78D22F7C-78C6-4EAD-9DA7-46BBBBE78B14}
	EndGlobalSection
EndGlobal
