
Microsoft Visual Studio Solution File, Format Version 12.00
# Visual Studio Version 17
VisualStudioVersion = 17.4.33205.214
MinimumVisualStudioVersion = 10.0.40219.1
Project("{FAE04EC0-301F-11D3-BF4B-00C04F79EFBC}") = "CodesGame", "CodesGame\CodesGame.csproj", "{FFE97E13-A19A-4596-BF16-E82EB2C27089}"
EndProject
Global
	GlobalSection(SolutionConfigurationPlatforms) = preSolution
		Debug|ARM64 = Debug|ARM64
		Debug|x64 = Debug|x64
		Debug|x86 = Debug|x86
		Release|ARM64 = Release|ARM64
		Release|x64 = Release|x64
		Release|x86 = Release|x86
	EndGlobalSection
	GlobalSection(ProjectConfigurationPlatforms) = postSolution
		{FFE97E13-A19A-4596-BF16-E82EB2C27089}.Debug|ARM64.ActiveCfg = Debug|ARM64
		{FFE97E13-A19A-4596-BF16-E82EB2C27089}.Debug|ARM64.Build.0 = Debug|ARM64
		{FFE97E13-A19A-4596-BF16-E82EB2C27089}.Debug|ARM64.Deploy.0 = Debug|ARM64
		{FFE97E13-A19A-4596-BF16-E82EB2C27089}.Debug|x64.ActiveCfg = Debug|x64
		{FFE97E13-A19A-4596-BF16-E82EB2C27089}.Debug|x64.Build.0 = Debug|x64
		{FFE97E13-A19A-4596-BF16-E82EB2C27089}.Debug|x64.Deploy.0 = Debug|x64
		{FFE97E13-A19A-4596-BF16-E82EB2C27089}.Debug|x86.ActiveCfg = Debug|x86
		{FFE97E13-A19A-4596-BF16-E82EB2C27089}.Debug|x86.Build.0 = Debug|x86
		{FFE97E13-A19A-4596-BF16-E82EB2C27089}.Debug|x86.Deploy.0 = Debug|x86
		{FFE97E13-A19A-4596-BF16-E82EB2C27089}.Release|ARM64.ActiveCfg = Release|ARM64
		{FFE97E13-A19A-4596-BF16-E82EB2C27089}.Release|ARM64.Build.0 = Release|ARM64
		{FFE97E13-A19A-4596-BF16-E82EB2C27089}.Release|ARM64.Deploy.0 = Release|ARM64
		{FFE97E13-A19A-4596-BF16-E82EB2C27089}.Release|x64.ActiveCfg = Release|x64
		{FFE97E13-A19A-4596-BF16-E82EB2C27089}.Release|x64.Build.0 = Release|x64
		{FFE97E13-A19A-4596-BF16-E82EB2C27089}.Release|x64.Deploy.0 = Release|x64
		{FFE97E13-A19A-4596-BF16-E82EB2C27089}.Release|x86.ActiveCfg = Release|x86
		{FFE97E13-A19A-4596-BF16-E82EB2C27089}.Release|x86.Build.0 = Release|x86
		{FFE97E13-A19A-4596-BF16-E82EB2C27089}.Release|x86.Deploy.0 = Release|x86
	EndGlobalSection
	GlobalSection(SolutionProperties) = preSolution
		HideSolutionNode = FALSE
	EndGlobalSection
	GlobalSection(ExtensibilityGlobals) = postSolution
		SolutionGuid = {4DC6FA62-1111-4D25-A992-3FD2146C52EB}
	EndGlobalSection
EndGlobal
